// !$*UTF8*$!
{
	archiveVersion = 1;
	classes = {
	};
	objectVersion = 56;
	objects = {

/* Begin PBXBuildFile section */
		4105A3BD2B20DFBE00B43B39 /* FileManager.swift in Sources */ = {isa = PBXBuildFile; fileRef = 4105A3BC2B20DFBE00B43B39 /* FileManager.swift */; };
		4105A3BF2B22342100B43B39 /* ImageExtension.swift in Sources */ = {isa = PBXBuildFile; fileRef = 4105A3BE2B22342100B43B39 /* ImageExtension.swift */; };
		4105A3C12B223A0000B43B39 /* ContactDetailsView.swift in Sources */ = {isa = PBXBuildFile; fileRef = 4105A3C02B223A0000B43B39 /* ContactDetailsView.swift */; };
		412EA9412B19048A002DC7BD /* AddContactView.swift in Sources */ = {isa = PBXBuildFile; fileRef = 412EA9402B19048A002DC7BD /* AddContactView.swift */; };
		4133BC482B1FB0C100683734 /* Contact.swift in Sources */ = {isa = PBXBuildFile; fileRef = 4133BC472B1FB0C100683734 /* Contact.swift */; };
		417DA6472B183AA7007216D5 /* ContactKeeperApp.swift in Sources */ = {isa = PBXBuildFile; fileRef = 417DA6462B183AA7007216D5 /* ContactKeeperApp.swift */; };
		417DA6492B183AA7007216D5 /* ContentView.swift in Sources */ = {isa = PBXBuildFile; fileRef = 417DA6482B183AA7007216D5 /* ContentView.swift */; };
		417DA64B2B183AAB007216D5 /* Assets.xcassets in Resources */ = {isa = PBXBuildFile; fileRef = 417DA64A2B183AAB007216D5 /* Assets.xcassets */; };
		417DA64E2B183AAB007216D5 /* Preview Assets.xcassets in Resources */ = {isa = PBXBuildFile; fileRef = 417DA64D2B183AAB007216D5 /* Preview Assets.xcassets */; };
		417DA6552B184B73007216D5 /* ImagePicker.swift in Sources */ = {isa = PBXBuildFile; fileRef = 417DA6542B184B73007216D5 /* ImagePicker.swift */; };
		417DA6572B184B7B007216D5 /* ImageSaver.swift in Sources */ = {isa = PBXBuildFile; fileRef = 417DA6562B184B7B007216D5 /* ImageSaver.swift */; };
/* End PBXBuildFile section */

/* Begin PBXFileReference section */
		4105A3BC2B20DFBE00B43B39 /* FileManager.swift */ = {isa = PBXFileReference; lastKnownFileType = sourcecode.swift; path = FileManager.swift; sourceTree = "<group>"; };
		4105A3BE2B22342100B43B39 /* ImageExtension.swift */ = {isa = PBXFileReference; lastKnownFileType = sourcecode.swift; path = ImageExtension.swift; sourceTree = "<group>"; };
		4105A3C02B223A0000B43B39 /* ContactDetailsView.swift */ = {isa = PBXFileReference; lastKnownFileType = sourcecode.swift; path = ContactDetailsView.swift; sourceTree = "<group>"; };
		412EA9402B19048A002DC7BD /* AddContactView.swift */ = {isa = PBXFileReference; lastKnownFileType = sourcecode.swift; path = AddContactView.swift; sourceTree = "<group>"; };
		4133BC472B1FB0C100683734 /* Contact.swift */ = {isa = PBXFileReference; lastKnownFileType = sourcecode.swift; path = Contact.swift; sourceTree = "<group>"; };
		417DA6432B183AA7007216D5 /* ContactKeeper.app */ = {isa = PBXFileReference; explicitFileType = wrapper.application; includeInIndex = 0; path = ContactKeeper.app; sourceTree = BUILT_PRODUCTS_DIR; };
		417DA6462B183AA7007216D5 /* ContactKeeperApp.swift */ = {isa = PBXFileReference; lastKnownFileType = sourcecode.swift; path = ContactKeeperApp.swift; sourceTree = "<group>"; };
		417DA6482B183AA7007216D5 /* ContentView.swift */ = {isa = PBXFileReference; lastKnownFileType = sourcecode.swift; path = ContentView.swift; sourceTree = "<group>"; };
		417DA64A2B183AAB007216D5 /* Assets.xcassets */ = {isa = PBXFileReference; lastKnownFileType = folder.assetcatalog; path = Assets.xcassets; sourceTree = "<group>"; };
		417DA64D2B183AAB007216D5 /* Preview Assets.xcassets */ = {isa = PBXFileReference; lastKnownFileType = folder.assetcatalog; path = "Preview Assets.xcassets"; sourceTree = "<group>"; };
		417DA6542B184B73007216D5 /* ImagePicker.swift */ = {isa = PBXFileReference; lastKnownFileType = sourcecode.swift; path = ImagePicker.swift; sourceTree = "<group>"; };
		417DA6562B184B7B007216D5 /* ImageSaver.swift */ = {isa = PBXFileReference; lastKnownFileType = sourcecode.swift; path = ImageSaver.swift; sourceTree = "<group>"; };
/* End PBXFileReference section */

/* Begin PBXFrameworksBuildPhase section */
		417DA6402B183AA7007216D5 /* Frameworks */ = {
			isa = PBXFrameworksBuildPhase;
			buildActionMask = 2147483647;
			files = (
			);
			runOnlyForDeploymentPostprocessing = 0;
		};
/* End PBXFrameworksBuildPhase section */

/* Begin PBXGroup section */
		417DA63A2B183AA7007216D5 = {
			isa = PBXGroup;
			children = (
				417DA6452B183AA7007216D5 /* ContactKeeper */,
				417DA6442B183AA7007216D5 /* Products */,
			);
			sourceTree = "<group>";
		};
		417DA6442B183AA7007216D5 /* Products */ = {
			isa = PBXGroup;
			children = (
				417DA6432B183AA7007216D5 /* ContactKeeper.app */,
			);
			name = Products;
			sourceTree = "<group>";
		};
		417DA6452B183AA7007216D5 /* ContactKeeper */ = {
			isa = PBXGroup;
			children = (
				417DA6462B183AA7007216D5 /* ContactKeeperApp.swift */,
				417DA6482B183AA7007216D5 /* ContentView.swift */,
				4105A3C02B223A0000B43B39 /* ContactDetailsView.swift */,
				412EA9402B19048A002DC7BD /* AddContactView.swift */,
				4105A3BE2B22342100B43B39 /* ImageExtension.swift */,
				4105A3BC2B20DFBE00B43B39 /* FileManager.swift */,
				4133BC472B1FB0C100683734 /* Contact.swift */,
				417DA6542B184B73007216D5 /* ImagePicker.swift */,
				417DA6562B184B7B007216D5 /* ImageSaver.swift */,
				417DA64A2B183AAB007216D5 /* Assets.xcassets */,
				417DA64C2B183AAB007216D5 /* Preview Content */,
			);
			path = ContactKeeper;
			sourceTree = "<group>";
		};
		417DA64C2B183AAB007216D5 /* Preview Content */ = {
			isa = PBXGroup;
			children = (
				417DA64D2B183AAB007216D5 /* Preview Assets.xcassets */,
			);
			path = "Preview Content";
			sourceTree = "<group>";
		};
/* End PBXGroup section */

/* Begin PBXNativeTarget section */
		417DA6422B183AA7007216D5 /* ContactKeeper */ = {
			isa = PBXNativeTarget;
			buildConfigurationList = 417DA6512B183AAB007216D5 /* Build configuration list for PBXNativeTarget "ContactKeeper" */;
			buildPhases = (
				417DA63F2B183AA7007216D5 /* Sources */,
				417DA6402B183AA7007216D5 /* Frameworks */,
				417DA6412B183AA7007216D5 /* Resources */,
			);
			buildRules = (
			);
			dependencies = (
			);
			name = ContactKeeper;
			productName = ContactKeeper;
			productReference = 417DA6432B183AA7007216D5 /* ContactKeeper.app */;
			productType = "com.apple.product-type.application";
		};
/* End PBXNativeTarget section */

/* Begin PBXProject section */
		417DA63B2B183AA7007216D5 /* Project object */ = {
			isa = PBXProject;
			attributes = {
				BuildIndependentTargetsInParallel = 1;
				LastSwiftUpdateCheck = 1500;
				LastUpgradeCheck = 1500;
				TargetAttributes = {
					417DA6422B183AA7007216D5 = {
						CreatedOnToolsVersion = 15.0.1;
					};
				};
			};
			buildConfigurationList = 417DA63E2B183AA7007216D5 /* Build configuration list for PBXProject "ContactKeeper" */;
			compatibilityVersion = "Xcode 14.0";
			developmentRegion = en;
			hasScannedForEncodings = 0;
			knownRegions = (
				en,
				Base,
			);
			mainGroup = 417DA63A2B183AA7007216D5;
			productRefGroup = 417DA6442B183AA7007216D5 /* Products */;
			projectDirPath = "";
			projectRoot = "";
			targets = (
				417DA6422B183AA7007216D5 /* ContactKeeper */,
			);
		};
/* End PBXProject section */

/* Begin PBXResourcesBuildPhase section */
		417DA6412B183AA7007216D5 /* Resources */ = {
			isa = PBXResourcesBuildPhase;
			buildActionMask = 2147483647;
			files = (
				417DA64E2B183AAB007216D5 /* Preview Assets.xcassets in Resources */,
				417DA64B2B183AAB007216D5 /* Assets.xcassets in Resources */,
			);
			runOnlyForDeploymentPostprocessing = 0;
		};
/* End PBXResourcesBuildPhase section */

/* Begin PBXSourcesBuildPhase section */
		417DA63F2B183AA7007216D5 /* Sources */ = {
			isa = PBXSourcesBuildPhase;
			buildActionMask = 2147483647;
			files = (
				4133BC482B1FB0C100683734 /* Contact.swift in Sources */,
				4105A3C12B223A0000B43B39 /* ContactDetailsView.swift in Sources */,
				417DA6552B184B73007216D5 /* ImagePicker.swift in Sources */,
				417DA6492B183AA7007216D5 /* ContentView.swift in Sources */,
				4105A3BD2B20DFBE00B43B39 /* FileManager.swift in Sources */,
				412EA9412B19048A002DC7BD /* AddContactView.swift in Sources */,
				417DA6472B183AA7007216D5 /* ContactKeeperApp.swift in Sources */,
				417DA6572B184B7B007216D5 /* ImageSaver.swift in Sources */,
				4105A3BF2B22342100B43B39 /* ImageExtension.swift in Sources */,
			);
			runOnlyForDeploymentPostprocessing = 0;
		};
/* End PBXSourcesBuildPhase section */

/* Begin XCBuildConfiguration section */
		417DA64F2B183AAB007216D5 /* Debug */ = {
			isa = XCBuildConfiguration;
			buildSettings = {
				ALWAYS_SEARCH_USER_PATHS = NO;
				ASSETCATALOG_COMPILER_GENERATE_SWIFT_ASSET_SYMBOL_EXTENSIONS = YES;
				CLANG_ANALYZER_NONNULL = YES;
				CLANG_ANALYZER_NUMBER_OBJECT_CONVERSION = YES_AGGRESSIVE;
				CLANG_CXX_LANGUAGE_STANDARD = "gnu++20";
				CLANG_ENABLE_MODULES = YES;
				CLANG_ENABLE_OBJC_ARC = YES;
				CLANG_ENABLE_OBJC_WEAK = YES;
				CLANG_WARN_BLOCK_CAPTURE_AUTORELEASING = YES;
				CLANG_WARN_BOOL_CONVERSION = YES;
				CLANG_WARN_COMMA = YES;
				CLANG_WARN_CONSTANT_CONVERSION = YES;
				CLANG_WARN_DEPRECATED_OBJC_IMPLEMENTATIONS = YES;
				CLANG_WARN_DIRECT_OBJC_ISA_USAGE = YES_ERROR;
				CLANG_WARN_DOCUMENTATION_COMMENTS = YES;
				CLANG_WARN_EMPTY_BODY = YES;
				CLANG_WARN_ENUM_CONVERSION = YES;
				CLANG_WARN_INFINITE_RECURSION = YES;
				CLANG_WARN_INT_CONVERSION = YES;
				CLANG_WARN_NON_LITERAL_NULL_CONVERSION = YES;
				CLANG_WARN_OBJC_IMPLICIT_RETAIN_SELF = YES;
				CLANG_WARN_OBJC_LITERAL_CONVERSION = YES;
				CLANG_WARN_OBJC_ROOT_CLASS = YES_ERROR;
				CLANG_WARN_QUOTED_INCLUDE_IN_FRAMEWORK_HEADER = YES;
				CLANG_WARN_RANGE_LOOP_ANALYSIS = YES;
				CLANG_WARN_STRICT_PROTOTYPES = YES;
				CLANG_WARN_SUSPICIOUS_MOVE = YES;
				CLANG_WARN_UNGUARDED_AVAILABILITY = YES_AGGRESSIVE;
				CLANG_WARN_UNREACHABLE_CODE = YES;
				CLANG_WARN__DUPLICATE_METHOD_MATCH = YES;
				COPY_PHASE_STRIP = NO;
				DEBUG_INFORMATION_FORMAT = dwarf;
				ENABLE_STRICT_OBJC_MSGSEND = YES;
				ENABLE_TESTABILITY = YES;
				ENABLE_USER_SCRIPT_SANDBOXING = YES;
				GCC_C_LANGUAGE_STANDARD = gnu17;
				GCC_DYNAMIC_NO_PIC = NO;
				GCC_NO_COMMON_BLOCKS = YES;
				GCC_OPTIMIZATION_LEVEL = 0;
				GCC_PREPROCESSOR_DEFINITIONS = (
					"DEBUG=1",
					"$(inherited)",
				);
				GCC_WARN_64_TO_32_BIT_CONVERSION = YES;
				GCC_WARN_ABOUT_RETURN_TYPE = YES_ERROR;
				GCC_WARN_UNDECLARED_SELECTOR = YES;
				GCC_WARN_UNINITIALIZED_AUTOS = YES_AGGRESSIVE;
				GCC_WARN_UNUSED_FUNCTION = YES;
				GCC_WARN_UNUSED_VARIABLE = YES;
				IPHONEOS_DEPLOYMENT_TARGET = 17.0;
				LOCALIZATION_PREFERS_STRING_CATALOGS = YES;
				MTL_ENABLE_DEBUG_INFO = INCLUDE_SOURCE;
				MTL_FAST_MATH = YES;
				ONLY_ACTIVE_ARCH = YES;
				SDKROOT = iphoneos;
				SWIFT_ACTIVE_COMPILATION_CONDITIONS = "DEBUG $(inherited)";
				SWIFT_OPTIMIZATION_LEVEL = "-Onone";
			};
			name = Debug;
		};
		417DA6502B183AAB007216D5 /* Release */ = {
			isa = XCBuildConfiguration;
			buildSettings = {
				ALWAYS_SEARCH_USER_PATHS = NO;
				ASSETCATALOG_COMPILER_GENERATE_SWIFT_ASSET_SYMBOL_EXTENSIONS = YES;
				CLANG_ANALYZER_NONNULL = YES;
				CLANG_ANALYZER_NUMBER_OBJECT_CONVERSION = YES_AGGRESSIVE;
				CLANG_CXX_LANGUAGE_STANDARD = "gnu++20";
				CLANG_ENABLE_MODULES = YES;
				CLANG_ENABLE_OBJC_ARC = YES;
				CLANG_ENABLE_OBJC_WEAK = YES;
				CLANG_WARN_BLOCK_CAPTURE_AUTORELEASING = YES;
				CLANG_WARN_BOOL_CONVERSION = YES;
				CLANG_WARN_COMMA = YES;
				CLANG_WARN_CONSTANT_CONVERSION = YES;
				CLANG_WARN_DEPRECATED_OBJC_IMPLEMENTATIONS = YES;
				CLANG_WARN_DIRECT_OBJC_ISA_USAGE = YES_ERROR;
				CLANG_WARN_DOCUMENTATION_COMMENTS = YES;
				CLANG_WARN_EMPTY_BODY = YES;
				CLANG_WARN_ENUM_CONVERSION = YES;
				CLANG_WARN_INFINITE_RECURSION = YES;
				CLANG_WARN_INT_CONVERSION = YES;
				CLANG_WARN_NON_LITERAL_NULL_CONVERSION = YES;
				CLANG_WARN_OBJC_IMPLICIT_RETAIN_SELF = YES;
				CLANG_WARN_OBJC_LITERAL_CONVERSION = YES;
				CLANG_WARN_OBJC_ROOT_CLASS = YES_ERROR;
				CLANG_WARN_QUOTED_INCLUDE_IN_FRAMEWORK_HEADER = YES;
				CLANG_WARN_RANGE_LOOP_ANALYSIS = YES;
				CLANG_WARN_STRICT_PROTOTYPES = YES;
				CLANG_WARN_SUSPICIOUS_MOVE = YES;
				CLANG_WARN_UNGUARDED_AVAILABILITY = YES_AGGRESSIVE;
				CLANG_WARN_UNREACHABLE_CODE = YES;
				CLANG_WARN__DUPLICATE_METHOD_MATCH = YES;
				COPY_PHASE_STRIP = NO;
				DEBUG_INFORMATION_FORMAT = "dwarf-with-dsym";
				ENABLE_NS_ASSERTIONS = NO;
				ENABLE_STRICT_OBJC_MSGSEND = YES;
				ENABLE_USER_SCRIPT_SANDBOXING = YES;
				GCC_C_LANGUAGE_STANDARD = gnu17;
				GCC_NO_COMMON_BLOCKS = YES;
				GCC_WARN_64_TO_32_BIT_CONVERSION = YES;
				GCC_WARN_ABOUT_RETURN_TYPE = YES_ERROR;
				GCC_WARN_UNDECLARED_SELECTOR = YES;
				GCC_WARN_UNINITIALIZED_AUTOS = YES_AGGRESSIVE;
				GCC_WARN_UNUSED_FUNCTION = YES;
				GCC_WARN_UNUSED_VARIABLE = YES;
				IPHONEOS_DEPLOYMENT_TARGET = 17.0;
				LOCALIZATION_PREFERS_STRING_CATALOGS = YES;
				MTL_ENABLE_DEBUG_INFO = NO;
				MTL_FAST_MATH = YES;
				SDKROOT = iphoneos;
				SWIFT_COMPILATION_MODE = wholemodule;
				VALIDATE_PRODUCT = YES;
			};
			name = Release;
		};
		417DA6522B183AAB007216D5 /* Debug */ = {
			isa = XCBuildConfiguration;
			buildSettings = {
				ASSETCATALOG_COMPILER_APPICON_NAME = AppIcon;
				ASSETCATALOG_COMPILER_GLOBAL_ACCENT_COLOR_NAME = AccentColor;
				CODE_SIGN_STYLE = Automatic;
				CURRENT_PROJECT_VERSION = 1;
				DEVELOPMENT_ASSET_PATHS = "\"ContactKeeper/Preview Content\"";
				DEVELOPMENT_TEAM = L59RJMD84U;
				ENABLE_PREVIEWS = YES;
				GENERATE_INFOPLIST_FILE = YES;
				INFOPLIST_KEY_UIApplicationSceneManifest_Generation = YES;
				INFOPLIST_KEY_UIApplicationSupportsIndirectInputEvents = YES;
				INFOPLIST_KEY_UILaunchScreen_Generation = YES;
				INFOPLIST_KEY_UISupportedInterfaceOrientations_iPad = "UIInterfaceOrientationPortrait UIInterfaceOrientationPortraitUpsideDown UIInterfaceOrientationLandscapeLeft UIInterfaceOrientationLandscapeRight";
				INFOPLIST_KEY_UISupportedInterfaceOrientations_iPhone = "UIInterfaceOrientationPortrait UIInterfaceOrientationLandscapeLeft UIInterfaceOrientationLandscapeRight";
				LD_RUNPATH_SEARCH_PATHS = (
					"$(inherited)",
					"@executable_path/Frameworks",
				);
				MARKETING_VERSION = 1.0;
				PRODUCT_BUNDLE_IDENTIFIER = com.zachmommaerts.ContactKeeper;
				PRODUCT_NAME = "$(TARGET_NAME)";
				SWIFT_EMIT_LOC_STRINGS = YES;
				SWIFT_VERSION = 5.0;
				TARGETED_DEVICE_FAMILY = "1,2";
			};
			name = Debug;
		};
		417DA6532B183AAB007216D5 /* Release */ = {
			isa = XCBuildConfiguration;
			buildSettings = {
				ASSETCATALOG_COMPILER_APPICON_NAME = AppIcon;
				ASSETCATALOG_COMPILER_GLOBAL_ACCENT_COLOR_NAME = AccentColor;
				CODE_SIGN_STYLE = Automatic;
				CURRENT_PROJECT_VERSION = 1;
				DEVELOPMENT_ASSET_PATHS = "\"ContactKeeper/Preview Content\"";
				DEVELOPMENT_TEAM = L59RJMD84U;
				ENABLE_PREVIEWS = YES;
				GENERATE_INFOPLIST_FILE = YES;
				INFOPLIST_KEY_UIApplicationSceneManifest_Generation = YES;
				INFOPLIST_KEY_UIApplicationSupportsIndirectInputEvents = YES;
				INFOPLIST_KEY_UILaunchScreen_Generation = YES;
				INFOPLIST_KEY_UISupportedInterfaceOrientations_iPad = "UIInterfaceOrientationPortrait UIInterfaceOrientationPortraitUpsideDown UIInterfaceOrientationLandscapeLeft UIInterfaceOrientationLandscapeRight";
				INFOPLIST_KEY_UISupportedInterfaceOrientations_iPhone = "UIInterfaceOrientationPortrait UIInterfaceOrientationLandscapeLeft UIInterfaceOrientationLandscapeRight";
				LD_RUNPATH_SEARCH_PATHS = (
					"$(inherited)",
					"@executable_path/Frameworks",
				);
				MARKETING_VERSION = 1.0;
				PRODUCT_BUNDLE_IDENTIFIER = com.zachmommaerts.ContactKeeper;
				PRODUCT_NAME = "$(TARGET_NAME)";
				SWIFT_EMIT_LOC_STRINGS = YES;
				SWIFT_VERSION = 5.0;
				TARGETED_DEVICE_FAMILY = "1,2";
			};
			name = Release;
		};
/* End XCBuildConfiguration section */

/* Begin XCConfigurationList section */
		417DA63E2B183AA7007216D5 /* Build configuration list for PBXProject "ContactKeeper" */ = {
			isa = XCConfigurationList;
			buildConfigurations = (
				417DA64F2B183AAB007216D5 /* Debug */,
				417DA6502B183AAB007216D5 /* Release */,
			);
			defaultConfigurationIsVisible = 0;
			defaultConfigurationName = Release;
		};
		417DA6512B183AAB007216D5 /* Build configuration list for PBXNativeTarget "ContactKeeper" */ = {
			isa = XCConfigurationList;
			buildConfigurations = (
				417DA6522B183AAB007216D5 /* Debug */,
				417DA6532B183AAB007216D5 /* Release */,
			);
			defaultConfigurationIsVisible = 0;
			defaultConfigurationName = Release;
		};
/* End XCConfigurationList section */
	};
	rootObject = 417DA63B2B183AA7007216D5 /* Project object */;
}
